schema: '2.0'
stages:
  data_ingestion:
    cmd: python src/data_ingestion.py
    outs:
    - path: Data/raw/X.csv
      hash: md5
      md5: b214eb96d6d8b49adaf7cc93d9f284da
      size: 120810
    - path: Data/raw/y.csv
      hash: md5
      md5: 56b16fb9eb37aeda4537839bb0fa3f34
      size: 1715
  preprocess:
    cmd: python src/preprocessing.py
    deps:
    - path: Data/raw/X.csv
      hash: md5
      md5: b214eb96d6d8b49adaf7cc93d9f284da
      size: 120810
    - path: Data/raw/y.csv
      hash: md5
      md5: 56b16fb9eb37aeda4537839bb0fa3f34
      size: 1715
    params:
      params.yaml:
        data.random_state: 4
        data.test_size: 0.3
    outs:
    - path: Data/processed/X_test.csv
      hash: md5
      md5: 9efefe60f6417d029ef8e9be17708bda
      size: 36543
    - path: Data/processed/X_train.csv
      hash: md5
      md5: ee88eb911e9b9a12d42fb099bf75a36f
      size: 84753
    - path: Data/processed/y_test.csv
      hash: md5
      md5: fe664f35b357ec414d3060dd5c3456dc
      size: 521
    - path: Data/processed/y_train.csv
      hash: md5
      md5: 3942f64cb5e0e5232eee0455cc39b605
      size: 1202
  model_train:
    cmd: python src/model_train.py
    deps:
    - path: Data/processed/X_train.csv
      hash: md5
      md5: ee88eb911e9b9a12d42fb099bf75a36f
      size: 84753
    - path: Data/processed/y_train.csv
      hash: md5
      md5: 3942f64cb5e0e5232eee0455cc39b605
      size: 1202
    params:
      params.yaml:
        model.max_iter: 1121
    outs:
    - path: models/model.pkl
      hash: md5
      md5: f1cc808cf236a71aeabde5b676175cb1
      size: 2666
  model_eval:
    cmd: python src/model_eval.py
    deps:
    - path: Data/processed/X_test.csv
      hash: md5
      md5: 9efefe60f6417d029ef8e9be17708bda
      size: 36543
    - path: Data/processed/y_test.csv
      hash: md5
      md5: fe664f35b357ec414d3060dd5c3456dc
      size: 521
    - path: models/model.pkl
      hash: md5
      md5: f1cc808cf236a71aeabde5b676175cb1
      size: 2666
    outs:
    - path: score/score.json
      hash: md5
      md5: 3e3b2fa86d632f0992a9e7da19c415f9
      size: 77
  model_register:
    cmd: python src/model_register.py
    deps:
    - path: models/model.pkl
      hash: md5
      md5: f1cc808cf236a71aeabde5b676175cb1
      size: 2666
    - path: score/score.json
      hash: md5
      md5: 3e3b2fa86d632f0992a9e7da19c415f9
      size: 77
